
Microsoft Visual Studio Solution File, Format Version 12.00
# Visual Studio Version 17
VisualStudioVersion = 17.4.33110.190
MinimumVisualStudioVersion = 10.0.40219.1
Project("{8BC9CEB8-8B4A-11D0-8D11-00A0C91BC942}") = "api", "api.vcxproj", "{279F73B9-61F3-448E-AC7D-4447D2BD61CE}"
EndProject
Global
	GlobalSection(SolutionConfigurationPlatforms) = preSolution
		Debug|x64 = Debug|x64
		Debug|x86 = Debug|x86
		Release|x64 = Release|x64
		Release|x86 = Release|x86
	EndGlobalSection
	GlobalSection(ProjectConfigurationPlatforms) = postSolution
		{279F73B9-61F3-448E-AC7D-4447D2BD61CE}.Debug|x64.ActiveCfg = Debug|x64
		{279F73B9-61F3-448E-AC7D-4447D2BD61CE}.Debug|x64.Build.0 = Debug|x64
		{279F73B9-61F3-448E-AC7D-4447D2BD61CE}.Debug|x86.ActiveCfg = Debug|Win32
		{279F73B9-61F3-448E-AC7D-4447D2BD61CE}.Debug|x86.Build.0 = Debug|Win32
		{279F73B9-61F3-448E-AC7D-4447D2BD61CE}.Release|x64.ActiveCfg = Release|x64
		{279F73B9-61F3-448E-AC7D-4447D2BD61CE}.Release|x64.Build.0 = Release|x64
		{279F73B9-61F3-448E-AC7D-4447D2BD61CE}.Release|x86.ActiveCfg = Release|Win32
		{279F73B9-61F3-448E-AC7D-4447D2BD61CE}.Release|x86.Build.0 = Release|Win32
	EndGlobalSection
	GlobalSection(SolutionProperties) = preSolution
		HideSolutionNode = FALSE
	EndGlobalSection
	GlobalSection(ExtensibilityGlobals) = postSolution
		SolutionGuid = {CD07D690-AD0E-46E5-83BB-BBDD1DE1A896}
	EndGlobalSection
EndGlobal
